{
  "name": "node-dynamic-import",
  "version": "0.1.0",
  "lockfileVersion": 1,
  "requires": true,
  "dependencies": {
    "@types/acorn": {
      "version": "4.0.2",
      "resolved": "https://registry.npmjs.org/@types/acorn/-/acorn-4.0.2.tgz",
      "integrity": "sha1-XDfa3oV6U8FCWMkU1D5jQHauw/0=",
      "dev": true,
      "requires": {
        "@types/estree": "0.0.37"
      }
    },
    "@types/estree": {
      "version": "0.0.37",
      "resolved": "https://registry.npmjs.org/@types/estree/-/estree-0.0.37.tgz",
      "integrity": "sha512-1IT6vNpmU9w18P3v6mN9idv18z5KPVTi4t7+rU9VLnkxo0LCam8IXy/eSVzOaQ1Wpabra2cN3A8K/SliPK/Suw==",
      "dev": true
    },
    "@types/node": {
      "version": "8.0.24",
      "resolved": "https://registry.npmjs.org/@types/node/-/node-8.0.24.tgz",
      "integrity": "sha512-c3Npme+2JGqxW8+B+aXdN5SPIlCf1C8WxQC6Ea39rO/ASPosnMkWVR16mDJtRE+2dr2xwOQ7DiLxb+wO/TWuPg==",
      "dev": true
    },
    "@types/rollup": {
      "version": "0.41.1",
      "resolved": "https://registry.npmjs.org/@types/rollup/-/rollup-0.41.1.tgz",
      "integrity": "sha512-ZeKQY9N2pnMuKCITWOZIzvCHZc+xG/AEmadhW4COihHPNqmVc0Rx8Aurc92LDBdOMD2dFJwhBPkZxxWd4LQs+Q==",
      "dev": true,
      "requires": {
        "@types/acorn": "4.0.2",
        "@types/source-map": "0.5.1"
      }
    },
    "@types/source-map": {
      "version": "0.5.1",
      "resolved": "https://registry.npmjs.org/@types/source-map/-/source-map-0.5.1.tgz",
      "integrity": "sha512-/GVAjL1Y8puvZab63n8tsuBiYwZt1bApMdx58/msQ9ID5T05ov+wm/ZV1DvYC/DKKEygpTJViqQvkh5Rhrl4CA==",
      "dev": true
    },
    "rollup": {
      "version": "0.48.2",
      "resolved": "https://registry.npmjs.org/rollup/-/rollup-0.48.2.tgz",
      "integrity": "sha512-5IOVEA87/OWQlojaAPN0WStLAhlaY7GS/5p+pA/IHReXjtc+d7IJYgRD3Y/U2LVXoD7f1SBc3ymYd4g3M/zRzQ=="
    }
  }
}
